// !$*UTF8*$!
{
	archiveVersion = 1;
	classes = {
	};
	objectVersion = 46;
	objects = {

/* Begin PBXBuildFile section */
		2306D919156C7B0900092690 /* UIKit.framework in Frameworks */ = {isa = PBXBuildFile; fileRef = 2306D918156C7B0900092690 /* UIKit.framework */; };
		2306D91B156C7B0900092690 /* Foundation.framework in Frameworks */ = {isa = PBXBuildFile; fileRef = 2306D91A156C7B0900092690 /* Foundation.framework */; };
		2306D91D156C7B0900092690 /* CoreGraphics.framework in Frameworks */ = {isa = PBXBuildFile; fileRef = 2306D91C156C7B0900092690 /* CoreGraphics.framework */; };
		2306D923156C7B0900092690 /* InfoPlist.strings in Resources */ = {isa = PBXBuildFile; fileRef = 2306D921156C7B0900092690 /* InfoPlist.strings */; };
		2306D925156C7B0900092690 /* main.m in Sources */ = {isa = PBXBuildFile; fileRef = 2306D924156C7B0900092690 /* main.m */; };
		2306D929156C7B0900092690 /* AppDelegate.m in Sources */ = {isa = PBXBuildFile; fileRef = 2306D928156C7B0900092690 /* AppDelegate.m */; };
		2306D935156C7B6A00092690 /* MYNavigationController.m in Sources */ = {isa = PBXBuildFile; fileRef = 2306D934156C7B6A00092690 /* MYNavigationController.m */; };
		2306D939156C7C0700092690 /* RootViewController.m in Sources */ = {isa = PBXBuildFile; fileRef = 2306D938156C7C0600092690 /* RootViewController.m */; };
		2306D93C156C7C1700092690 /* SecondViewController.m in Sources */ = {isa = PBXBuildFile; fileRef = 2306D93B156C7C1700092690 /* SecondViewController.m */; };
		2306D93E156C7DF700092690 /* QuartzCore.framework in Frameworks */ = {isa = PBXBuildFile; fileRef = 2306D93D156C7DF700092690 /* QuartzCore.framework */; };
/* End PBXBuildFile section */

/* Begin PBXFileReference section */
		2306D914156C7B0800092690 /* testnavigation.app */ = {isa = PBXFileReference; explicitFileType = wrapper.application; includeInIndex = 0; path = testnavigation.app; sourceTree = BUILT_PRODUCTS_DIR; };
		2306D918156C7B0900092690 /* UIKit.framework */ = {isa = PBXFileReference; lastKnownFileType = wrapper.framework; name = UIKit.framework; path = System/Library/Frameworks/UIKit.framework; sourceTree = SDKROOT; };
		2306D91A156C7B0900092690 /* Foundation.framework */ = {isa = PBXFileReference; lastKnownFileType = wrapper.framework; name = Foundation.framework; path = System/Library/Frameworks/Foundation.framework; sourceTree = SDKROOT; };
		2306D91C156C7B0900092690 /* CoreGraphics.framework */ = {isa = PBXFileReference; lastKnownFileType = wrapper.framework; name = CoreGraphics.framework; path = System/Library/Frameworks/CoreGraphics.framework; sourceTree = SDKROOT; };
		2306D920156C7B0900092690 /* testnavigation-Info.plist */ = {isa = PBXFileReference; lastKnownFileType = text.plist.xml; path = "testnavigation-Info.plist"; sourceTree = "<group>"; };
		2306D922156C7B0900092690 /* en */ = {isa = PBXFileReference; lastKnownFileType = text.plist.strings; name = en; path = en.lproj/InfoPlist.strings; sourceTree = "<group>"; };
		2306D924156C7B0900092690 /* main.m */ = {isa = PBXFileReference; lastKnownFileType = sourcecode.c.objc; path = main.m; sourceTree = "<group>"; };
		2306D926156C7B0900092690 /* testnavigation-Prefix.pch */ = {isa = PBXFileReference; lastKnownFileType = sourcecode.c.h; path = "testnavigation-Prefix.pch"; sourceTree = "<group>"; };
		2306D927156C7B0900092690 /* AppDelegate.h */ = {isa = PBXFileReference; lastKnownFileType = sourcecode.c.h; path = AppDelegate.h; sourceTree = "<group>"; };
		2306D928156C7B0900092690 /* AppDelegate.m */ = {isa = PBXFileReference; lastKnownFileType = sourcecode.c.objc; path = AppDelegate.m; sourceTree = "<group>"; };
		2306D933156C7B6A00092690 /* MYNavigationController.h */ = {isa = PBXFileReference; fileEncoding = 4; lastKnownFileType = sourcecode.c.h; path = MYNavigationController.h; sourceTree = "<group>"; };
		2306D934156C7B6A00092690 /* MYNavigationController.m */ = {isa = PBXFileReference; fileEncoding = 4; lastKnownFileType = sourcecode.c.objc; path = MYNavigationController.m; sourceTree = "<group>"; };
		2306D937156C7C0600092690 /* RootViewController.h */ = {isa = PBXFileReference; fileEncoding = 4; lastKnownFileType = sourcecode.c.h; path = RootViewController.h; sourceTree = "<group>"; };
		2306D938156C7C0600092690 /* RootViewController.m */ = {isa = PBXFileReference; fileEncoding = 4; lastKnownFileType = sourcecode.c.objc; path = RootViewController.m; sourceTree = "<group>"; };
		2306D93A156C7C1700092690 /* SecondViewController.h */ = {isa = PBXFileReference; fileEncoding = 4; lastKnownFileType = sourcecode.c.h; path = SecondViewController.h; sourceTree = "<group>"; };
		2306D93B156C7C1700092690 /* SecondViewController.m */ = {isa = PBXFileReference; fileEncoding = 4; lastKnownFileType = sourcecode.c.objc; path = SecondViewController.m; sourceTree = "<group>"; };
		2306D93D156C7DF700092690 /* QuartzCore.framework */ = {isa = PBXFileReference; lastKnownFileType = wrapper.framework; name = QuartzCore.framework; path = System/Library/Frameworks/QuartzCore.framework; sourceTree = SDKROOT; };
/* End PBXFileReference section */

/* Begin PBXFrameworksBuildPhase section */
		2306D911156C7B0800092690 /* Frameworks */ = {
			isa = PBXFrameworksBuildPhase;
			buildActionMask = 2147483647;
			files = (
				2306D93E156C7DF700092690 /* QuartzCore.framework in Frameworks */,
				2306D919156C7B0900092690 /* UIKit.framework in Frameworks */,
				2306D91B156C7B0900092690 /* Foundation.framework in Frameworks */,
				2306D91D156C7B0900092690 /* CoreGraphics.framework in Frameworks */,
			);
			runOnlyForDeploymentPostprocessing = 0;
		};
/* End PBXFrameworksBuildPhase section */

/* Begin PBXGroup section */
		2306D909156C7B0700092690 = {
			isa = PBXGroup;
			children = (
				2306D91E156C7B0900092690 /* testnavigation */,
				2306D917156C7B0800092690 /* Frameworks */,
				2306D915156C7B0800092690 /* Products */,
			);
			sourceTree = "<group>";
		};
		2306D915156C7B0800092690 /* Products */ = {
			isa = PBXGroup;
			children = (
				2306D914156C7B0800092690 /* testnavigation.app */,
			);
			name = Products;
			sourceTree = "<group>";
		};
		2306D917156C7B0800092690 /* Frameworks */ = {
			isa = PBXGroup;
			children = (
				2306D93D156C7DF700092690 /* QuartzCore.framework */,
				2306D918156C7B0900092690 /* UIKit.framework */,
				2306D91A156C7B0900092690 /* Foundation.framework */,
				2306D91C156C7B0900092690 /* CoreGraphics.framework */,
			);
			name = Frameworks;
			sourceTree = "<group>";
		};
		2306D91E156C7B0900092690 /* testnavigation */ = {
			isa = PBXGroup;
			children = (
				2306D927156C7B0900092690 /* AppDelegate.h */,
				2306D928156C7B0900092690 /* AppDelegate.m */,
				2306D91F156C7B0900092690 /* Supporting Files */,
				2306D933156C7B6A00092690 /* MYNavigationController.h */,
				2306D934156C7B6A00092690 /* MYNavigationController.m */,
				2306D937156C7C0600092690 /* RootViewController.h */,
				2306D938156C7C0600092690 /* RootViewController.m */,
				2306D93A156C7C1700092690 /* SecondViewController.h */,
				2306D93B156C7C1700092690 /* SecondViewController.m */,
			);
			path = testnavigation;
			sourceTree = "<group>";
		};
		2306D91F156C7B0900092690 /* Supporting Files */ = {
			isa = PBXGroup;
			children = (
				2306D920156C7B0900092690 /* testnavigation-Info.plist */,
				2306D921156C7B0900092690 /* InfoPlist.strings */,
				2306D924156C7B0900092690 /* main.m */,
				2306D926156C7B0900092690 /* testnavigation-Prefix.pch */,
			);
			name = "Supporting Files";
			sourceTree = "<group>";
		};
/* End PBXGroup section */

/* Begin PBXNativeTarget section */
		2306D913156C7B0800092690 /* testnavigation */ = {
			isa = PBXNativeTarget;
			buildConfigurationList = 2306D92C156C7B0900092690 /* Build configuration list for PBXNativeTarget "testnavigation" */;
			buildPhases = (
				2306D910156C7B0800092690 /* Sources */,
				2306D911156C7B0800092690 /* Frameworks */,
				2306D912156C7B0800092690 /* Resources */,
			);
			buildRules = (
			);
			dependencies = (
			);
			name = testnavigation;
			productName = testnavigation;
			productReference = 2306D914156C7B0800092690 /* testnavigation.app */;
			productType = "com.apple.product-type.application";
		};
/* End PBXNativeTarget section */

/* Begin PBXProject section */
		2306D90B156C7B0800092690 /* Project object */ = {
			isa = PBXProject;
			attributes = {
				LastUpgradeCheck = 0420;
			};
			buildConfigurationList = 2306D90E156C7B0800092690 /* Build configuration list for PBXProject "testnavigation" */;
			compatibilityVersion = "Xcode 3.2";
			developmentRegion = English;
			hasScannedForEncodings = 0;
			knownRegions = (
				en,
			);
			mainGroup = 2306D909156C7B0700092690;
			productRefGroup = 2306D915156C7B0800092690 /* Products */;
			projectDirPath = "";
			projectRoot = "";
			targets = (
				2306D913156C7B0800092690 /* testnavigation */,
			);
		};
/* End PBXProject section */

/* Begin PBXResourcesBuildPhase section */
		2306D912156C7B0800092690 /* Resources */ = {
			isa = PBXResourcesBuildPhase;
			buildActionMask = 2147483647;
			files = (
				2306D923156C7B0900092690 /* InfoPlist.strings in Resources */,
			);
			runOnlyForDeploymentPostprocessing = 0;
		};
/* End PBXResourcesBuildPhase section */

/* Begin PBXSourcesBuildPhase section */
		2306D910156C7B0800092690 /* Sources */ = {
			isa = PBXSourcesBuildPhase;
			buildActionMask = 2147483647;
			files = (
				2306D925156C7B0900092690 /* main.m in Sources */,
				2306D929156C7B0900092690 /* AppDelegate.m in Sources */,
				2306D935156C7B6A00092690 /* MYNavigationController.m in Sources */,
				2306D939156C7C0700092690 /* RootViewController.m in Sources */,
				2306D93C156C7C1700092690 /* SecondViewController.m in Sources */,
			);
			runOnlyForDeploymentPostprocessing = 0;
		};
/* End PBXSourcesBuildPhase section */

/* Begin PBXVariantGroup section */
		2306D921156C7B0900092690 /* InfoPlist.strings */ = {
			isa = PBXVariantGroup;
			children = (
				2306D922156C7B0900092690 /* en */,
			);
			name = InfoPlist.strings;
			sourceTree = "<group>";
		};
/* End PBXVariantGroup section */

/* Begin XCBuildConfiguration section */
		2306D92A156C7B0900092690 /* Debug */ = {
			isa = XCBuildConfiguration;
			buildSettings = {
				ALWAYS_SEARCH_USER_PATHS = NO;
				ARCHS = "$(ARCHS_STANDARD_32_BIT)";
				"CODE_SIGN_IDENTITY[sdk=iphoneos*]" = "iPhone Developer";
				COPY_PHASE_STRIP = NO;
				GCC_C_LANGUAGE_STANDARD = gnu99;
				GCC_DYNAMIC_NO_PIC = NO;
				GCC_OPTIMIZATION_LEVEL = 0;
				GCC_PREPROCESSOR_DEFINITIONS = (
					"DEBUG=1",
					"$(inherited)",
				);
				GCC_SYMBOLS_PRIVATE_EXTERN = NO;
				GCC_VERSION = com.apple.compilers.llvm.clang.1_0;
				GCC_WARN_ABOUT_MISSING_PROTOTYPES = YES;
				GCC_WARN_ABOUT_RETURN_TYPE = YES;
				GCC_WARN_UNUSED_VARIABLE = YES;
				IPHONEOS_DEPLOYMENT_TARGET = 5.1;
				SDKROOT = iphoneos;
			};
			name = Debug;
		};
		2306D92B156C7B0900092690 /* Release */ = {
			isa = XCBuildConfiguration;
			buildSettings = {
				ALWAYS_SEARCH_USER_PATHS = NO;
				ARCHS = "$(ARCHS_STANDARD_32_BIT)";
				"CODE_SIGN_IDENTITY[sdk=iphoneos*]" = "iPhone Developer";
				COPY_PHASE_STRIP = YES;
				GCC_C_LANGUAGE_STANDARD = gnu99;
				GCC_VERSION = com.apple.compilers.llvm.clang.1_0;
				GCC_WARN_ABOUT_MISSING_PROTOTYPES = YES;
				GCC_WARN_ABOUT_RETURN_TYPE = YES;
				GCC_WARN_UNUSED_VARIABLE = YES;
				IPHONEOS_DEPLOYMENT_TARGET = 5.1;
				OTHER_CFLAGS = "-DNS_BLOCK_ASSERTIONS=1";
				SDKROOT = iphoneos;
				VALIDATE_PRODUCT = YES;
			};
			name = Release;
		};
		2306D92D156C7B0900092690 /* Debug */ = {
			isa = XCBuildConfiguration;
			buildSettings = {
				GCC_PRECOMPILE_PREFIX_HEADER = YES;
				GCC_PREFIX_HEADER = "testnavigation/testnavigation-Prefix.pch";
				INFOPLIST_FILE = "testnavigation/testnavigation-Info.plist";
				PRODUCT_NAME = "$(TARGET_NAME)";
				WRAPPER_EXTENSION = app;
			};
			name = Debug;
		};
		2306D92E156C7B0900092690 /* Release */ = {
			isa = XCBuildConfiguration;
			buildSettings = {
				GCC_PRECOMPILE_PREFIX_HEADER = YES;
				GCC_PREFIX_HEADER = "testnavigation/testnavigation-Prefix.pch";
				INFOPLIST_FILE = "testnavigation/testnavigation-Info.plist";
				PRODUCT_NAME = "$(TARGET_NAME)";
				WRAPPER_EXTENSION = app;
			};
			name = Release;
		};
/* End XCBuildConfiguration section */

/* Begin XCConfigurationList section */
		2306D90E156C7B0800092690 /* Build configuration list for PBXProject "testnavigation" */ = {
			isa = XCConfigurationList;
			buildConfigurations = (
				2306D92A156C7B0900092690 /* Debug */,
				2306D92B156C7B0900092690 /* Release */,
			);
			defaultConfigurationIsVisible = 0;
			defaultConfigurationName = Release;
		};
		2306D92C156C7B0900092690 /* Build configuration list for PBXNativeTarget "testnavigation" */ = {
			isa = XCConfigurationList;
			buildConfigurations = (
				2306D92D156C7B0900092690 /* Debug */,
				2306D92E156C7B0900092690 /* Release */,
			);
			defaultConfigurationIsVisible = 0;
			defaultConfigurationName = Release;
		};
/* End XCConfigurationList section */
	};
	rootObject = 2306D90B156C7B0800092690 /* Project object */;
}
